# THIS IS AN AUTOGENERATED FILE. DO NOT EDIT THIS FILE DIRECTLY.
# yarn lockfile v1


"@discordjs/collection@^0.1.6":
  "integrity" "sha512-utRNxnd9kSS2qhyivo9lMlt5qgAUasH2gb7BEOn6p0efFh24gjGomHzWKMAPn2hEReOPQZCJaRKoURwRotKucQ=="
  "resolved" "https://registry.npmjs.org/@discordjs/collection/-/collection-0.1.6.tgz"
  "version" "0.1.6"

"@discordjs/form-data@^3.0.1":
  "integrity" "sha512-ZfFsbgEXW71Rw/6EtBdrP5VxBJy4dthyC0tpQKGKmYFImlmmrykO14Za+BiIVduwjte0jXEBlhSKf0MWbFp9Eg=="
  "resolved" "https://registry.npmjs.org/@discordjs/form-data/-/form-data-3.0.1.tgz"
  "version" "3.0.1"
  dependencies:
    "asynckit" "^0.4.0"
    "combined-stream" "^1.0.8"
    "mime-types" "^2.1.12"

"abort-controller@^3.0.0":
  "integrity" "sha512-h8lQ8tacZYnR3vNQTgibj+tODHI5/+l06Au2Pcriv/Gmet0eaj4TwWH41sO9wnHDiQsEj19q0drzdWdeAHtweg=="
  "resolved" "https://registry.npmjs.org/abort-controller/-/abort-controller-3.0.0.tgz"
  "version" "3.0.0"
  dependencies:
    "event-target-shim" "^5.0.0"

"ansi-regex@^3.0.0":
  "integrity" "sha1-7QMXwyIGT3lGbAKWa922Bas32Zg= sha512-wFUFA5bg5dviipbQQ32yOQhl6gcJaJXiHE7dvR8VYPG97+J/GNC5FKGepKdEDUFeXRzDxPF1X/Btc8L+v7oqIQ=="
  "resolved" "https://registry.npmjs.org/ansi-regex/-/ansi-regex-3.0.0.tgz"
  "version" "3.0.0"

"asynckit@^0.4.0":
  "integrity" "sha1-x57Zf380y48robyXkLzDZkdLS3k= sha512-Oei9OH4tRh0YqU3GxhX79dM/mwVgvbZJaSNaRk+bshkj0S5cfHcgYakreBjrHwatXKbz+IoIdYLxrKim2MjW0Q=="
  "resolved" "https://registry.npmjs.org/asynckit/-/asynckit-0.4.0.tgz"
  "version" "0.4.0"

"axios@^0.20.0":
  "integrity" "sha512-ANA4rr2BDcmmAQLOKft2fufrtuvlqR+cXNNinUmvfeSNCOF98PZL+7M/v1zIdGo7OLjEA9J2gXJL+j4zGsl0bA=="
  "resolved" "https://registry.npmjs.org/axios/-/axios-0.20.0.tgz"
  "version" "0.20.0"
  dependencies:
    "follow-redirects" "^1.10.0"

"combined-stream@^1.0.8":
  "integrity" "sha512-FQN4MRfuJeHf7cBbBMJFXhKSDq+2kAArBlmRBvcvFE5BB1HZKXtSFASDhdlz9zOYwxh8lDdnvmMOe/+5cdoEdg=="
  "resolved" "https://registry.npmjs.org/combined-stream/-/combined-stream-1.0.8.tgz"
  "version" "1.0.8"
  dependencies:
    "delayed-stream" "~1.0.0"

"cowsay@^1.4.0":
  "integrity" "sha512-rdg5k5PsHFVJheO/pmE3aDg2rUDDTfPJau6yYkZYlHFktUz+UxbE+IgnUAEyyCyv4noL5ltxXD0gZzmHPCy/9g=="
  "resolved" "https://registry.npmjs.org/cowsay/-/cowsay-1.4.0.tgz"
  "version" "1.4.0"
  dependencies:
    "get-stdin" "^5.0.1"
    "optimist" "~0.6.1"
    "string-width" "~2.1.1"
    "strip-eof" "^1.0.0"

"delayed-stream@~1.0.0":
  "integrity" "sha1-3zrhmayt+31ECqrgsp4icrJOxhk= sha512-ZySD7Nf91aLB0RxL4KGrKHBXl7Eds1DAmEdcoVawXnLD7SDhpNgtuII2aAkg7a7QS41jxPSZ17p4VdGnMHk3MQ=="
  "resolved" "https://registry.npmjs.org/delayed-stream/-/delayed-stream-1.0.0.tgz"
  "version" "1.0.0"

"discord.js@^12.1.1":
  "integrity" "sha512-mSFyV/mbvzH12UXdS4zadmeUf8IMQOo/YdunubG1wWt1xjWvtaJz/s9CGsFD2B5pTw1W/LXxxUbrQjIZ/xlUdw=="
  "resolved" "https://registry.npmjs.org/discord.js/-/discord.js-12.3.1.tgz"
  "version" "12.3.1"
  dependencies:
    "@discordjs/collection" "^0.1.6"
    "@discordjs/form-data" "^3.0.1"
    "abort-controller" "^3.0.0"
    "node-fetch" "^2.6.0"
    "prism-media" "^1.2.2"
    "setimmediate" "^1.0.5"
    "tweetnacl" "^1.0.3"
    "ws" "^7.3.1"

"event-target-shim@^5.0.0":
  "integrity" "sha512-i/2XbnSz/uxRCU6+NdVJgKWDTM427+MqYbkQzD321DuCQJUqOuJKIA0IM2+W2xtYHdKOmZ4dR6fExsd4SXL+WQ=="
  "resolved" "https://registry.npmjs.org/event-target-shim/-/event-target-shim-5.0.1.tgz"
  "version" "5.0.1"

"follow-redirects@^1.10.0":
  "integrity" "sha512-aq6gF1BEKje4a9i9+5jimNFIpq4Q1WiwBToeRK5NvZBd/TRsmW8BsJfOEGkr76TbOyPVD3OVDN910EcUNtRYEA=="
  "resolved" "https://registry.npmjs.org/follow-redirects/-/follow-redirects-1.13.0.tgz"
  "version" "1.13.0"

"get-stdin@^5.0.1":
  "integrity" "sha1-Ei4WFZHiH/TFJTAwVpPyDmOTo5g= sha512-jZV7n6jGE3Gt7fgSTJoz91Ak5MuTLwMwkoYdjxuJ/AmjIsE1UC03y/IWkZCQGEvVNS9qoRNwy5BCqxImv0FVeA=="
  "resolved" "https://registry.npmjs.org/get-stdin/-/get-stdin-5.0.1.tgz"
  "version" "5.0.1"

"is-fullwidth-code-point@^2.0.0":
  "integrity" "sha1-o7MKXE8ZkYMWeqq5O+764937ZU8= sha512-VHskAKYM8RfSFXwee5t5cbN5PZeq1Wrh6qd5bkyiXIf6UQcN6w/A0eXM9r6t8d+GYOh+o6ZhiEnb88LN/Y8m2w=="
  "resolved" "https://registry.npmjs.org/is-fullwidth-code-point/-/is-fullwidth-code-point-2.0.0.tgz"
  "version" "2.0.0"

"mime-db@1.44.0":
  "integrity" "sha512-/NOTfLrsPBVeH7YtFPgsVWveuL+4SjjYxaQ1xtM1KMFj7HdxlBlxeyNLzhyJVx7r4rZGJAZ/6lkKCitSc/Nmpg=="
  "resolved" "https://registry.npmjs.org/mime-db/-/mime-db-1.44.0.tgz"
  "version" "1.44.0"

"mime-types@^2.1.12":
  "integrity" "sha512-JIhqnCasI9yD+SsmkquHBxTSEuZdQX5BuQnS2Vc7puQQQ+8yiP5AY5uWhpdv4YL4VM5c6iliiYWPgJ/nJQLp7w=="
  "resolved" "https://registry.npmjs.org/mime-types/-/mime-types-2.1.27.tgz"
  "version" "2.1.27"
  dependencies:
    "mime-db" "1.44.0"

"minimist@~0.0.1":
  "integrity" "sha1-3j+YVD2/lggr5IrRoMfNqDYwHc8= sha512-iotkTvxc+TwOm5Ieim8VnSNvCDjCK9S8G3scJ50ZthspSxa7jx50jkhYduuAtAjvfDUwSgOwf8+If99AlOEhyw=="
  "resolved" "https://registry.npmjs.org/minimist/-/minimist-0.0.10.tgz"
  "version" "0.0.10"

"node-fetch@^2.6.0":
  "integrity" "sha512-V4aYg89jEoVRxRb2fJdAg8FHvI7cEyYdVAh94HH0UIK8oJxUfkjlDQN9RbMx+bEjP7+ggMiFRprSti032Oipxw=="
  "resolved" "https://registry.npmjs.org/node-fetch/-/node-fetch-2.6.1.tgz"
  "version" "2.6.1"

"optimist@~0.6.1":
  "integrity" "sha1-2j6nRob6IaGaERwybpDrFaAZZoY= sha512-snN4O4TkigujZphWLN0E//nQmm7790RYaE53DdL7ZYwee2D8DDo9/EyYiKUfN3rneWUjhJnueija3G9I2i0h3g=="
  "resolved" "https://registry.npmjs.org/optimist/-/optimist-0.6.1.tgz"
  "version" "0.6.1"
  dependencies:
    "minimist" "~0.0.1"
    "wordwrap" "~0.0.2"

"prism-media@^1.2.2":
  "integrity" "sha512-I+nkWY212lJ500jLe4tN9tWO7nRiBAVdMv76P9kffZjYhw20raMlW1HSSvS+MLXC9MmbNZCazMrAr+5jEEgTuw=="
  "resolved" "https://registry.npmjs.org/prism-media/-/prism-media-1.2.2.tgz"
  "version" "1.2.2"

"setimmediate@^1.0.5":
  "integrity" "sha1-KQy7Iy4waULX1+qbg3Mqt4VvgoU= sha512-MATJdZp8sLqDl/68LfQmbP8zKPLQNV6BIZoIgrscFDQ+RsvK/BxeDQOgyxKKoh0y/8h3BqVFnCqQ/gd+reiIXA=="
  "resolved" "https://registry.npmjs.org/setimmediate/-/setimmediate-1.0.5.tgz"
  "version" "1.0.5"

"string-width@~2.1.1":
  "integrity" "sha512-nOqH59deCq9SRHlxq1Aw85Jnt4w6KvLKqWVik6oA9ZklXLNIOlqg4F2yrT1MVaTjAqvVwdfeZ7w7aCvJD7ugkw=="
  "resolved" "https://registry.npmjs.org/string-width/-/string-width-2.1.1.tgz"
  "version" "2.1.1"
  dependencies:
    "is-fullwidth-code-point" "^2.0.0"
    "strip-ansi" "^4.0.0"

"strip-ansi@^4.0.0":
  "integrity" "sha1-qEeQIusaw2iocTibY1JixQXuNo8= sha512-4XaJ2zQdCzROZDivEVIDPkcQn8LMFSa8kj8Gxb/Lnwzv9A8VctNZ+lfivC/sV3ivW8ElJTERXZoPBRrZKkNKow=="
  "resolved" "https://registry.npmjs.org/strip-ansi/-/strip-ansi-4.0.0.tgz"
  "version" "4.0.0"
  dependencies:
    "ansi-regex" "^3.0.0"

"strip-eof@^1.0.0":
  "integrity" "sha1-u0P/VZim6wXYm1n80SnJgzE2Br8= sha512-7FCwGGmx8mD5xQd3RPUvnSpUXHM3BWuzjtpD4TXsfcZ9EL4azvVVUscFYwD9nx8Kh+uCBC00XBtAykoMHwTh8Q=="
  "resolved" "https://registry.npmjs.org/strip-eof/-/strip-eof-1.0.0.tgz"
  "version" "1.0.0"

"tweetnacl@^1.0.3":
  "integrity" "sha512-6rt+RN7aOi1nGMyC4Xa5DdYiukl2UWCbcJft7YhxReBGQD7OAM8Pbxw6YMo4r2diNEA8FEmu32YOn9rhaiE5yw=="
  "resolved" "https://registry.npmjs.org/tweetnacl/-/tweetnacl-1.0.3.tgz"
  "version" "1.0.3"

"wordwrap@~0.0.2":
  "integrity" "sha1-o9XabNXAvAAI03I0u68b7WMFkQc= sha512-1tMA907+V4QmxV7dbRvb4/8MaRALK6q9Abid3ndMYnbyo8piisCmeONVqVSXqQA3KaP4SLt5b7ud6E2sqP8TFw=="
  "resolved" "https://registry.npmjs.org/wordwrap/-/wordwrap-0.0.3.tgz"
  "version" "0.0.3"

"ws@^7.3.1":
  "integrity" "sha512-D3RuNkynyHmEJIpD2qrgVkc9DQ23OrN/moAwZX4L8DfvszsJxpjQuUq3LMx6HoYji9fbIOBY18XWBsAux1ZZUA=="
  "resolved" "https://registry.npmjs.org/ws/-/ws-7.3.1.tgz"
  "version" "7.3.1"
